// !$*UTF8*$!
{
	archiveVersion = 1;
	classes = {
	};
	objectVersion = 50;
	objects = {

/* Begin PBXBuildFile section */
		F232BBF4256B2B6B00460ADF /* LocalizacaoViewController.swift in Sources */ = {isa = PBXBuildFile; fileRef = F232BBF3256B2B6B00460ADF /* LocalizacaoViewController.swift */; };
		F232BBFC256B2B7900460ADF /* LocalizacaoViewController.storyboard in Resources */ = {isa = PBXBuildFile; fileRef = F232BBFB256B2B7900460ADF /* LocalizacaoViewController.storyboard */; };
		F232BC04256B30BD00460ADF /* Remedios.swift in Sources */ = {isa = PBXBuildFile; fileRef = F232BC03256B30BD00460ADF /* Remedios.swift */; };
		F232BC0F256B323900460ADF /* NomeRemediosTableViewCell.swift in Sources */ = {isa = PBXBuildFile; fileRef = F232BC0E256B323900460ADF /* NomeRemediosTableViewCell.swift */; };
		F232BC21256B382100460ADF /* DetalhesMedicamentoViewController.storyboard in Resources */ = {isa = PBXBuildFile; fileRef = F232BC20256B382100460ADF /* DetalhesMedicamentoViewController.storyboard */; };
		F232BC2A256B391400460ADF /* DetalheMedicamentoTableViewCell.swift in Sources */ = {isa = PBXBuildFile; fileRef = F232BC29256B391400460ADF /* DetalheMedicamentoTableViewCell.swift */; };
		F233D0A42559E99500D5CE2D /* AppDelegate.swift in Sources */ = {isa = PBXBuildFile; fileRef = F233D0A32559E99500D5CE2D /* AppDelegate.swift */; };
		F233D0A62559E99500D5CE2D /* SceneDelegate.swift in Sources */ = {isa = PBXBuildFile; fileRef = F233D0A52559E99500D5CE2D /* SceneDelegate.swift */; };
		F233D0A82559E99500D5CE2D /* ViewController.swift in Sources */ = {isa = PBXBuildFile; fileRef = F233D0A72559E99500D5CE2D /* ViewController.swift */; };
		F233D0AB2559E99500D5CE2D /* Main.storyboard in Resources */ = {isa = PBXBuildFile; fileRef = F233D0A92559E99500D5CE2D /* Main.storyboard */; };
		F233D0AD2559E99900D5CE2D /* Assets.xcassets in Resources */ = {isa = PBXBuildFile; fileRef = F233D0AC2559E99900D5CE2D /* Assets.xcassets */; };
		F233D0B02559E99900D5CE2D /* LaunchScreen.storyboard in Resources */ = {isa = PBXBuildFile; fileRef = F233D0AE2559E99900D5CE2D /* LaunchScreen.storyboard */; };
		F233D0BB2559E99900D5CE2D /* DrugDataTests.swift in Sources */ = {isa = PBXBuildFile; fileRef = F233D0BA2559E99900D5CE2D /* DrugDataTests.swift */; };
		F233D0C62559E99900D5CE2D /* DrugDataUITests.swift in Sources */ = {isa = PBXBuildFile; fileRef = F233D0C52559E99900D5CE2D /* DrugDataUITests.swift */; };
		F233D0DC2559F3BB00D5CE2D /* File.swift in Sources */ = {isa = PBXBuildFile; fileRef = F233D0DB2559F3BB00D5CE2D /* File.swift */; };
		F233D0E52559F49100D5CE2D /* logo.png in Resources */ = {isa = PBXBuildFile; fileRef = F233D0E42559F49100D5CE2D /* logo.png */; };
		F23C32812562F47700F25304 /* ResultadoPesquisaViewController.storyboard in Resources */ = {isa = PBXBuildFile; fileRef = F23C32802562F47700F25304 /* ResultadoPesquisaViewController.storyboard */; };
		F23C32862562F4A500F25304 /* ResultadoPesquisaViewController.swift in Sources */ = {isa = PBXBuildFile; fileRef = F23C32852562F4A500F25304 /* ResultadoPesquisaViewController.swift */; };
		F23C32A02562FCCF00F25304 /* PesquisaLaboratorioViewController.swift in Sources */ = {isa = PBXBuildFile; fileRef = F23C329F2562FCCF00F25304 /* PesquisaLaboratorioViewController.swift */; };
		F23C8EDC256ACFD90094FA87 /* OrganicoViewController.storyboard in Resources */ = {isa = PBXBuildFile; fileRef = F23C8EDB256ACFD90094FA87 /* OrganicoViewController.storyboard */; };
		F23C8EE1256ACFF60094FA87 /* OrganicoViewController.swift in Sources */ = {isa = PBXBuildFile; fileRef = F23C8EE0256ACFF60094FA87 /* OrganicoViewController.swift */; };
		F23C8EE9256AD13F0094FA87 /* GenericoViewController.swift in Sources */ = {isa = PBXBuildFile; fileRef = F23C8EE8256AD13F0094FA87 /* GenericoViewController.swift */; };
		F23C8EEE256AD14D0094FA87 /* GenericoViewController.storyboard in Resources */ = {isa = PBXBuildFile; fileRef = F23C8EED256AD14D0094FA87 /* GenericoViewController.storyboard */; };
		F23C8EF5256AD2A70094FA87 /* ControladosViewController.storyboard in Resources */ = {isa = PBXBuildFile; fileRef = F23C8EF4256AD2A70094FA87 /* ControladosViewController.storyboard */; };
		F23C8EFD256AD2EC0094FA87 /* ControladosViewController.swift in Sources */ = {isa = PBXBuildFile; fileRef = F23C8EFC256AD2EC0094FA87 /* ControladosViewController.swift */; };
		F23C8F0D256ADD180094FA87 /* PerfilViewController.swift in Sources */ = {isa = PBXBuildFile; fileRef = F23C8F0C256ADD180094FA87 /* PerfilViewController.swift */; };
		F23C8F15256ADD240094FA87 /* PerfilViewController.storyboard in Resources */ = {isa = PBXBuildFile; fileRef = F23C8F14256ADD240094FA87 /* PerfilViewController.storyboard */; };
		F247408325670F0B00D18DE0 /* ControladosGeralTableViewCell.swift in Sources */ = {isa = PBXBuildFile; fileRef = F247408125670F0B00D18DE0 /* ControladosGeralTableViewCell.swift */; };
		F247408425670F0B00D18DE0 /* ControladosGeralTableViewCell.xib in Resources */ = {isa = PBXBuildFile; fileRef = F247408225670F0B00D18DE0 /* ControladosGeralTableViewCell.xib */; };
		F247408925670FF400D18DE0 /* PesquisaLaboratorioViewController.storyboard in Resources */ = {isa = PBXBuildFile; fileRef = F247408825670FF400D18DE0 /* PesquisaLaboratorioViewController.storyboard */; };
		F2D2D55B255E08110025BEF3 /* PesquisarViewController.swift in Sources */ = {isa = PBXBuildFile; fileRef = F2D2D55A255E08110025BEF3 /* PesquisarViewController.swift */; };
		F2D2D563255E08280025BEF3 /* PesquisarViewController.storyboard in Resources */ = {isa = PBXBuildFile; fileRef = F2D2D562255E08280025BEF3 /* PesquisarViewController.storyboard */; };
		F2D2D571255E0C420025BEF3 /* CategoriaViewController.storyboard in Resources */ = {isa = PBXBuildFile; fileRef = F2D2D570255E0C420025BEF3 /* CategoriaViewController.storyboard */; };
		F2D2D577255E0F510025BEF3 /* FavoritosViewController.swift in Sources */ = {isa = PBXBuildFile; fileRef = F2D2D576255E0F510025BEF3 /* FavoritosViewController.swift */; };
		F2D2D57F255E0F800025BEF3 /* FavoritosViewController.storyboard in Resources */ = {isa = PBXBuildFile; fileRef = F2D2D57E255E0F800025BEF3 /* FavoritosViewController.storyboard */; };
		F2DBB9702565B1BF00A5550E /* CategoriaViewController.swift in Sources */ = {isa = PBXBuildFile; fileRef = F2DBB96F2565B1BF00A5550E /* CategoriaViewController.swift */; };
		F2DBB9752565B5D100A5550E /* Cabecalho.swift in Sources */ = {isa = PBXBuildFile; fileRef = F2DBB9742565B5D100A5550E /* Cabecalho.swift */; };
		F2DBB97A2565B8AB00A5550E /* 1.png in Resources */ = {isa = PBXBuildFile; fileRef = F2DBB9792565B8AB00A5550E /* 1.png */; };
		F2DF0F64255C92A500F43B54 /* EsqueceuASenhaViewController.swift in Sources */ = {isa = PBXBuildFile; fileRef = F2DF0F63255C92A500F43B54 /* EsqueceuASenhaViewController.swift */; };
		F2DF0F6C255C92B600F43B54 /* EsqueceuASenhaViewController.storyboard in Resources */ = {isa = PBXBuildFile; fileRef = F2DF0F6B255C92B600F43B54 /* EsqueceuASenhaViewController.storyboard */; };
		F2E282BB255C882800460304 /* LoginViewController.swift in Sources */ = {isa = PBXBuildFile; fileRef = F2E282BA255C882800460304 /* LoginViewController.swift */; };
		F2E282C0255C89BB00460304 /* LoginViewController.storyboard in Resources */ = {isa = PBXBuildFile; fileRef = F2E282BF255C89BB00460304 /* LoginViewController.storyboard */; };
		F2E282D0255C8DAB00460304 /* CadastroViewController.swift in Sources */ = {isa = PBXBuildFile; fileRef = F2E282CF255C8DAB00460304 /* CadastroViewController.swift */; };
		F2E282D8255C8DBD00460304 /* CadastroViewController.storyboard in Resources */ = {isa = PBXBuildFile; fileRef = F2E282D7255C8DBD00460304 /* CadastroViewController.storyboard */; };
		F2E7458C256C32EC0031D731 /* Cadastro2ViewController.swift in Sources */ = {isa = PBXBuildFile; fileRef = F2E7458B256C32EC0031D731 /* Cadastro2ViewController.swift */; };
		F2E74591256C32F80031D731 /* Cadastro2ViewController.storyboard in Resources */ = {isa = PBXBuildFile; fileRef = F2E74590256C32F70031D731 /* Cadastro2ViewController.storyboard */; };
		F2E7459D256C3A220031D731 /* mapa.png in Resources */ = {isa = PBXBuildFile; fileRef = F2E7459C256C3A220031D731 /* mapa.png */; };
		F2E745B3256C3E8E0031D731 /* marker.png in Resources */ = {isa = PBXBuildFile; fileRef = F2E745B2256C3E8E0031D731 /* marker.png */; };
		F2E745C3256C44D60031D731 /* EditarPerfilViewController.swift in Sources */ = {isa = PBXBuildFile; fileRef = F2E745C2256C44D60031D731 /* EditarPerfilViewController.swift */; };
		F2E745C8256C44E60031D731 /* EditarPerfilViewController.storyboard in Resources */ = {isa = PBXBuildFile; fileRef = F2E745C7256C44E60031D731 /* EditarPerfilViewController.storyboard */; };
		F2E745D2256C4B800031D731 /* data.png in Resources */ = {isa = PBXBuildFile; fileRef = F2E745D1256C4B800031D731 /* data.png */; };
		F2E745DA256C54E80031D731 /* DetalhesMedicamentoViewController.swift in Sources */ = {isa = PBXBuildFile; fileRef = F2E745D9256C54E80031D731 /* DetalhesMedicamentoViewController.swift */; };
		F2E745DF256C578C0031D731 /* remedio.png in Resources */ = {isa = PBXBuildFile; fileRef = F2E745DE256C578B0031D731 /* remedio.png */; };
		F2ED9EDE256D4EDD00D015AF /* AvatarViewController.swift in Sources */ = {isa = PBXBuildFile; fileRef = F2ED9EDD256D4EDD00D015AF /* AvatarViewController.swift */; };
		F2ED9EE7256D4EFB00D015AF /* AvatarViewController.storyboard in Resources */ = {isa = PBXBuildFile; fileRef = F2ED9EE6256D4EFB00D015AF /* AvatarViewController.storyboard */; };
		F2ED9EEF256D54BB00D015AF /* profileImage.swift in Sources */ = {isa = PBXBuildFile; fileRef = F2ED9EEE256D54BB00D015AF /* profileImage.swift */; };
		F2ED9EF9256D55EC00D015AF /* 011-woman.png in Resources */ = {isa = PBXBuildFile; fileRef = F2ED9EF3256D55EB00D015AF /* 011-woman.png */; };
		F2ED9EFA256D55EC00D015AF /* 032-woman.png in Resources */ = {isa = PBXBuildFile; fileRef = F2ED9EF4256D55EB00D015AF /* 032-woman.png */; };
		F2ED9EFB256D55EC00D015AF /* 027-woman.png in Resources */ = {isa = PBXBuildFile; fileRef = F2ED9EF5256D55EC00D015AF /* 027-woman.png */; };
		F2ED9EFC256D55EC00D015AF /* 017-woman.png in Resources */ = {isa = PBXBuildFile; fileRef = F2ED9EF6256D55EC00D015AF /* 017-woman.png */; };
		F2ED9EFD256D55EC00D015AF /* 029-woman.png in Resources */ = {isa = PBXBuildFile; fileRef = F2ED9EF7256D55EC00D015AF /* 029-woman.png */; };
		F2ED9EFE256D55EC00D015AF /* 012-woman.png in Resources */ = {isa = PBXBuildFile; fileRef = F2ED9EF8256D55EC00D015AF /* 012-woman.png */; };
		F2ED9F04256D566300D015AF /* AvatarCollectionViewCell.swift in Sources */ = {isa = PBXBuildFile; fileRef = F2ED9F03256D566300D015AF /* AvatarCollectionViewCell.swift */; };
		F2ED9F0C256D69BE00D015AF /* ProfileImageWoman.swift in Sources */ = {isa = PBXBuildFile; fileRef = F2ED9F0B256D69BE00D015AF /* ProfileImageWoman.swift */; };
		F2ED9F16256D6B1200D015AF /* 025-man.png in Resources */ = {isa = PBXBuildFile; fileRef = F2ED9F10256D6B1000D015AF /* 025-man.png */; };
		F2ED9F17256D6B1200D015AF /* 037-man.png in Resources */ = {isa = PBXBuildFile; fileRef = F2ED9F11256D6B1100D015AF /* 037-man.png */; };
		F2ED9F18256D6B1200D015AF /* 036-man.png in Resources */ = {isa = PBXBuildFile; fileRef = F2ED9F12256D6B1100D015AF /* 036-man.png */; };
		F2ED9F19256D6B1200D015AF /* 035-man.png in Resources */ = {isa = PBXBuildFile; fileRef = F2ED9F13256D6B1100D015AF /* 035-man.png */; };
		F2ED9F1A256D6B1200D015AF /* 021-man.png in Resources */ = {isa = PBXBuildFile; fileRef = F2ED9F14256D6B1100D015AF /* 021-man.png */; };
		F2ED9F1B256D6B1200D015AF /* 009-man.png in Resources */ = {isa = PBXBuildFile; fileRef = F2ED9F15256D6B1200D015AF /* 009-man.png */; };
		F2ED9F22256D6D8300D015AF /* avatar.png in Resources */ = {isa = PBXBuildFile; fileRef = F2ED9F21256D6D8300D015AF /* avatar.png */; };
/* End PBXBuildFile section */

/* Begin PBXContainerItemProxy section */
		F233D0B72559E99900D5CE2D /* PBXContainerItemProxy */ = {
			isa = PBXContainerItemProxy;
			containerPortal = F233D0982559E99500D5CE2D /* Project object */;
			proxyType = 1;
			remoteGlobalIDString = F233D09F2559E99500D5CE2D;
			remoteInfo = DrugData;
		};
		F233D0C22559E99900D5CE2D /* PBXContainerItemProxy */ = {
			isa = PBXContainerItemProxy;
			containerPortal = F233D0982559E99500D5CE2D /* Project object */;
			proxyType = 1;
			remoteGlobalIDString = F233D09F2559E99500D5CE2D;
			remoteInfo = DrugData;
		};
/* End PBXContainerItemProxy section */

/* Begin PBXFileReference section */
		F232BBF3256B2B6B00460ADF /* LocalizacaoViewController.swift */ = {isa = PBXFileReference; lastKnownFileType = sourcecode.swift; path = LocalizacaoViewController.swift; sourceTree = "<group>"; };
		F232BBFB256B2B7900460ADF /* LocalizacaoViewController.storyboard */ = {isa = PBXFileReference; lastKnownFileType = file.storyboard; path = LocalizacaoViewController.storyboard; sourceTree = "<group>"; };
		F232BC03256B30BD00460ADF /* Remedios.swift */ = {isa = PBXFileReference; lastKnownFileType = sourcecode.swift; path = Remedios.swift; sourceTree = "<group>"; };
		F232BC0E256B323900460ADF /* NomeRemediosTableViewCell.swift */ = {isa = PBXFileReference; lastKnownFileType = sourcecode.swift; path = NomeRemediosTableViewCell.swift; sourceTree = "<group>"; };
		F232BC20256B382100460ADF /* DetalhesMedicamentoViewController.storyboard */ = {isa = PBXFileReference; lastKnownFileType = file.storyboard; path = DetalhesMedicamentoViewController.storyboard; sourceTree = "<group>"; };
		F232BC29256B391400460ADF /* DetalheMedicamentoTableViewCell.swift */ = {isa = PBXFileReference; lastKnownFileType = sourcecode.swift; path = DetalheMedicamentoTableViewCell.swift; sourceTree = "<group>"; };
		F233D0A02559E99500D5CE2D /* DrugData.app */ = {isa = PBXFileReference; explicitFileType = wrapper.application; includeInIndex = 0; path = DrugData.app; sourceTree = BUILT_PRODUCTS_DIR; };
		F233D0A32559E99500D5CE2D /* AppDelegate.swift */ = {isa = PBXFileReference; lastKnownFileType = sourcecode.swift; path = AppDelegate.swift; sourceTree = "<group>"; };
		F233D0A52559E99500D5CE2D /* SceneDelegate.swift */ = {isa = PBXFileReference; lastKnownFileType = sourcecode.swift; path = SceneDelegate.swift; sourceTree = "<group>"; };
		F233D0A72559E99500D5CE2D /* ViewController.swift */ = {isa = PBXFileReference; lastKnownFileType = sourcecode.swift; path = ViewController.swift; sourceTree = "<group>"; };
		F233D0AA2559E99500D5CE2D /* Base */ = {isa = PBXFileReference; lastKnownFileType = file.storyboard; name = Base; path = Base.lproj/Main.storyboard; sourceTree = "<group>"; };
		F233D0AC2559E99900D5CE2D /* Assets.xcassets */ = {isa = PBXFileReference; lastKnownFileType = folder.assetcatalog; path = Assets.xcassets; sourceTree = "<group>"; };
		F233D0AF2559E99900D5CE2D /* Base */ = {isa = PBXFileReference; lastKnownFileType = file.storyboard; name = Base; path = Base.lproj/LaunchScreen.storyboard; sourceTree = "<group>"; };
		F233D0B12559E99900D5CE2D /* Info.plist */ = {isa = PBXFileReference; lastKnownFileType = text.plist.xml; path = Info.plist; sourceTree = "<group>"; };
		F233D0B62559E99900D5CE2D /* DrugDataTests.xctest */ = {isa = PBXFileReference; explicitFileType = wrapper.cfbundle; includeInIndex = 0; path = DrugDataTests.xctest; sourceTree = BUILT_PRODUCTS_DIR; };
		F233D0BA2559E99900D5CE2D /* DrugDataTests.swift */ = {isa = PBXFileReference; lastKnownFileType = sourcecode.swift; path = DrugDataTests.swift; sourceTree = "<group>"; };
		F233D0BC2559E99900D5CE2D /* Info.plist */ = {isa = PBXFileReference; lastKnownFileType = text.plist.xml; path = Info.plist; sourceTree = "<group>"; };
		F233D0C12559E99900D5CE2D /* DrugDataUITests.xctest */ = {isa = PBXFileReference; explicitFileType = wrapper.cfbundle; includeInIndex = 0; path = DrugDataUITests.xctest; sourceTree = BUILT_PRODUCTS_DIR; };
		F233D0C52559E99900D5CE2D /* DrugDataUITests.swift */ = {isa = PBXFileReference; lastKnownFileType = sourcecode.swift; path = DrugDataUITests.swift; sourceTree = "<group>"; };
		F233D0C72559E99900D5CE2D /* Info.plist */ = {isa = PBXFileReference; lastKnownFileType = text.plist.xml; path = Info.plist; sourceTree = "<group>"; };
		F233D0DB2559F3BB00D5CE2D /* File.swift */ = {isa = PBXFileReference; lastKnownFileType = sourcecode.swift; path = File.swift; sourceTree = "<group>"; };
		F233D0E42559F49100D5CE2D /* logo.png */ = {isa = PBXFileReference; lastKnownFileType = image.png; path = logo.png; sourceTree = "<group>"; };
		F23C32802562F47700F25304 /* ResultadoPesquisaViewController.storyboard */ = {isa = PBXFileReference; lastKnownFileType = file.storyboard; path = ResultadoPesquisaViewController.storyboard; sourceTree = "<group>"; };
		F23C32852562F4A500F25304 /* ResultadoPesquisaViewController.swift */ = {isa = PBXFileReference; lastKnownFileType = sourcecode.swift; path = ResultadoPesquisaViewController.swift; sourceTree = "<group>"; };
		F23C329F2562FCCF00F25304 /* PesquisaLaboratorioViewController.swift */ = {isa = PBXFileReference; lastKnownFileType = sourcecode.swift; path = PesquisaLaboratorioViewController.swift; sourceTree = "<group>"; };
		F23C8EDB256ACFD90094FA87 /* OrganicoViewController.storyboard */ = {isa = PBXFileReference; lastKnownFileType = file.storyboard; path = OrganicoViewController.storyboard; sourceTree = "<group>"; };
		F23C8EE0256ACFF60094FA87 /* OrganicoViewController.swift */ = {isa = PBXFileReference; lastKnownFileType = sourcecode.swift; path = OrganicoViewController.swift; sourceTree = "<group>"; };
		F23C8EE8256AD13F0094FA87 /* GenericoViewController.swift */ = {isa = PBXFileReference; lastKnownFileType = sourcecode.swift; path = GenericoViewController.swift; sourceTree = "<group>"; };
		F23C8EED256AD14D0094FA87 /* GenericoViewController.storyboard */ = {isa = PBXFileReference; lastKnownFileType = file.storyboard; path = GenericoViewController.storyboard; sourceTree = "<group>"; };
		F23C8EF4256AD2A70094FA87 /* ControladosViewController.storyboard */ = {isa = PBXFileReference; lastKnownFileType = file.storyboard; path = ControladosViewController.storyboard; sourceTree = "<group>"; };
		F23C8EFC256AD2EC0094FA87 /* ControladosViewController.swift */ = {isa = PBXFileReference; lastKnownFileType = sourcecode.swift; path = ControladosViewController.swift; sourceTree = "<group>"; };
		F23C8F0C256ADD180094FA87 /* PerfilViewController.swift */ = {isa = PBXFileReference; lastKnownFileType = sourcecode.swift; path = PerfilViewController.swift; sourceTree = "<group>"; };
		F23C8F14256ADD240094FA87 /* PerfilViewController.storyboard */ = {isa = PBXFileReference; lastKnownFileType = file.storyboard; path = PerfilViewController.storyboard; sourceTree = "<group>"; };
		F247408125670F0B00D18DE0 /* ControladosGeralTableViewCell.swift */ = {isa = PBXFileReference; lastKnownFileType = sourcecode.swift; path = ControladosGeralTableViewCell.swift; sourceTree = "<group>"; };
		F247408225670F0B00D18DE0 /* ControladosGeralTableViewCell.xib */ = {isa = PBXFileReference; lastKnownFileType = file.xib; path = ControladosGeralTableViewCell.xib; sourceTree = "<group>"; };
		F247408825670FF400D18DE0 /* PesquisaLaboratorioViewController.storyboard */ = {isa = PBXFileReference; lastKnownFileType = file.storyboard; path = PesquisaLaboratorioViewController.storyboard; sourceTree = "<group>"; };
		F2D2D55A255E08110025BEF3 /* PesquisarViewController.swift */ = {isa = PBXFileReference; lastKnownFileType = sourcecode.swift; path = PesquisarViewController.swift; sourceTree = "<group>"; };
		F2D2D562255E08280025BEF3 /* PesquisarViewController.storyboard */ = {isa = PBXFileReference; lastKnownFileType = file.storyboard; path = PesquisarViewController.storyboard; sourceTree = "<group>"; };
		F2D2D570255E0C420025BEF3 /* CategoriaViewController.storyboard */ = {isa = PBXFileReference; lastKnownFileType = file.storyboard; path = CategoriaViewController.storyboard; sourceTree = "<group>"; };
		F2D2D576255E0F510025BEF3 /* FavoritosViewController.swift */ = {isa = PBXFileReference; lastKnownFileType = sourcecode.swift; path = FavoritosViewController.swift; sourceTree = "<group>"; };
		F2D2D57E255E0F800025BEF3 /* FavoritosViewController.storyboard */ = {isa = PBXFileReference; lastKnownFileType = file.storyboard; path = FavoritosViewController.storyboard; sourceTree = "<group>"; };
		F2DBB96F2565B1BF00A5550E /* CategoriaViewController.swift */ = {isa = PBXFileReference; lastKnownFileType = sourcecode.swift; path = CategoriaViewController.swift; sourceTree = "<group>"; };
		F2DBB9742565B5D100A5550E /* Cabecalho.swift */ = {isa = PBXFileReference; lastKnownFileType = sourcecode.swift; path = Cabecalho.swift; sourceTree = "<group>"; };
		F2DBB9792565B8AB00A5550E /* 1.png */ = {isa = PBXFileReference; lastKnownFileType = image.png; path = 1.png; sourceTree = "<group>"; };
		F2DF0F63255C92A500F43B54 /* EsqueceuASenhaViewController.swift */ = {isa = PBXFileReference; lastKnownFileType = sourcecode.swift; path = EsqueceuASenhaViewController.swift; sourceTree = "<group>"; };
		F2DF0F6B255C92B600F43B54 /* EsqueceuASenhaViewController.storyboard */ = {isa = PBXFileReference; lastKnownFileType = file.storyboard; path = EsqueceuASenhaViewController.storyboard; sourceTree = "<group>"; };
		F2E282BA255C882800460304 /* LoginViewController.swift */ = {isa = PBXFileReference; lastKnownFileType = sourcecode.swift; path = LoginViewController.swift; sourceTree = "<group>"; };
		F2E282BF255C89BB00460304 /* LoginViewController.storyboard */ = {isa = PBXFileReference; lastKnownFileType = file.storyboard; path = LoginViewController.storyboard; sourceTree = "<group>"; };
		F2E282CF255C8DAB00460304 /* CadastroViewController.swift */ = {isa = PBXFileReference; lastKnownFileType = sourcecode.swift; path = CadastroViewController.swift; sourceTree = "<group>"; };
		F2E282D7255C8DBD00460304 /* CadastroViewController.storyboard */ = {isa = PBXFileReference; lastKnownFileType = file.storyboard; path = CadastroViewController.storyboard; sourceTree = "<group>"; };
		F2E7458B256C32EC0031D731 /* Cadastro2ViewController.swift */ = {isa = PBXFileReference; lastKnownFileType = sourcecode.swift; path = Cadastro2ViewController.swift; sourceTree = "<group>"; };
		F2E74590256C32F70031D731 /* Cadastro2ViewController.storyboard */ = {isa = PBXFileReference; lastKnownFileType = file.storyboard; path = Cadastro2ViewController.storyboard; sourceTree = "<group>"; };
		F2E7459C256C3A220031D731 /* mapa.png */ = {isa = PBXFileReference; lastKnownFileType = image.png; path = mapa.png; sourceTree = "<group>"; };
		F2E745B2256C3E8E0031D731 /* marker.png */ = {isa = PBXFileReference; lastKnownFileType = image.png; path = marker.png; sourceTree = "<group>"; };
		F2E745C2256C44D60031D731 /* EditarPerfilViewController.swift */ = {isa = PBXFileReference; lastKnownFileType = sourcecode.swift; path = EditarPerfilViewController.swift; sourceTree = "<group>"; };
		F2E745C7256C44E60031D731 /* EditarPerfilViewController.storyboard */ = {isa = PBXFileReference; lastKnownFileType = file.storyboard; path = EditarPerfilViewController.storyboard; sourceTree = "<group>"; };
		F2E745D1256C4B800031D731 /* data.png */ = {isa = PBXFileReference; lastKnownFileType = image.png; path = data.png; sourceTree = "<group>"; };
		F2E745D9256C54E80031D731 /* DetalhesMedicamentoViewController.swift */ = {isa = PBXFileReference; lastKnownFileType = sourcecode.swift; path = DetalhesMedicamentoViewController.swift; sourceTree = "<group>"; };
		F2E745DE256C578B0031D731 /* remedio.png */ = {isa = PBXFileReference; lastKnownFileType = image.png; path = remedio.png; sourceTree = "<group>"; };
		F2ED9EDD256D4EDD00D015AF /* AvatarViewController.swift */ = {isa = PBXFileReference; lastKnownFileType = sourcecode.swift; path = AvatarViewController.swift; sourceTree = "<group>"; };
		F2ED9EE6256D4EFB00D015AF /* AvatarViewController.storyboard */ = {isa = PBXFileReference; lastKnownFileType = file.storyboard; path = AvatarViewController.storyboard; sourceTree = "<group>"; };
		F2ED9EEE256D54BB00D015AF /* profileImage.swift */ = {isa = PBXFileReference; lastKnownFileType = sourcecode.swift; path = profileImage.swift; sourceTree = "<group>"; };
		F2ED9EF3256D55EB00D015AF /* 011-woman.png */ = {isa = PBXFileReference; lastKnownFileType = image.png; path = "011-woman.png"; sourceTree = "<group>"; };
		F2ED9EF4256D55EB00D015AF /* 032-woman.png */ = {isa = PBXFileReference; lastKnownFileType = image.png; path = "032-woman.png"; sourceTree = "<group>"; };
		F2ED9EF5256D55EC00D015AF /* 027-woman.png */ = {isa = PBXFileReference; lastKnownFileType = image.png; path = "027-woman.png"; sourceTree = "<group>"; };
		F2ED9EF6256D55EC00D015AF /* 017-woman.png */ = {isa = PBXFileReference; lastKnownFileType = image.png; path = "017-woman.png"; sourceTree = "<group>"; };
		F2ED9EF7256D55EC00D015AF /* 029-woman.png */ = {isa = PBXFileReference; lastKnownFileType = image.png; path = "029-woman.png"; sourceTree = "<group>"; };
		F2ED9EF8256D55EC00D015AF /* 012-woman.png */ = {isa = PBXFileReference; lastKnownFileType = image.png; path = "012-woman.png"; sourceTree = "<group>"; };
		F2ED9F03256D566300D015AF /* AvatarCollectionViewCell.swift */ = {isa = PBXFileReference; lastKnownFileType = sourcecode.swift; path = AvatarCollectionViewCell.swift; sourceTree = "<group>"; };
		F2ED9F0B256D69BE00D015AF /* ProfileImageWoman.swift */ = {isa = PBXFileReference; lastKnownFileType = sourcecode.swift; path = ProfileImageWoman.swift; sourceTree = "<group>"; };
		F2ED9F10256D6B1000D015AF /* 025-man.png */ = {isa = PBXFileReference; lastKnownFileType = image.png; path = "025-man.png"; sourceTree = "<group>"; };
		F2ED9F11256D6B1100D015AF /* 037-man.png */ = {isa = PBXFileReference; lastKnownFileType = image.png; path = "037-man.png"; sourceTree = "<group>"; };
		F2ED9F12256D6B1100D015AF /* 036-man.png */ = {isa = PBXFileReference; lastKnownFileType = image.png; path = "036-man.png"; sourceTree = "<group>"; };
		F2ED9F13256D6B1100D015AF /* 035-man.png */ = {isa = PBXFileReference; lastKnownFileType = image.png; path = "035-man.png"; sourceTree = "<group>"; };
		F2ED9F14256D6B1100D015AF /* 021-man.png */ = {isa = PBXFileReference; lastKnownFileType = image.png; path = "021-man.png"; sourceTree = "<group>"; };
		F2ED9F15256D6B1200D015AF /* 009-man.png */ = {isa = PBXFileReference; lastKnownFileType = image.png; path = "009-man.png"; sourceTree = "<group>"; };
		F2ED9F21256D6D8300D015AF /* avatar.png */ = {isa = PBXFileReference; lastKnownFileType = image.png; path = avatar.png; sourceTree = "<group>"; };
/* End PBXFileReference section */

/* Begin PBXFrameworksBuildPhase section */
		F233D09D2559E99500D5CE2D /* Frameworks */ = {
			isa = PBXFrameworksBuildPhase;
			buildActionMask = 2147483647;
			files = (
			);
			runOnlyForDeploymentPostprocessing = 0;
		};
		F233D0B32559E99900D5CE2D /* Frameworks */ = {
			isa = PBXFrameworksBuildPhase;
			buildActionMask = 2147483647;
			files = (
			);
			runOnlyForDeploymentPostprocessing = 0;
		};
		F233D0BE2559E99900D5CE2D /* Frameworks */ = {
			isa = PBXFrameworksBuildPhase;
			buildActionMask = 2147483647;
			files = (
			);
			runOnlyForDeploymentPostprocessing = 0;
		};
/* End PBXFrameworksBuildPhase section */

/* Begin PBXGroup section */
		F232BBF2256B2B4900460ADF /* Localização */ = {
			isa = PBXGroup;
			children = (
				F232BBF3256B2B6B00460ADF /* LocalizacaoViewController.swift */,
				F232BBFB256B2B7900460ADF /* LocalizacaoViewController.storyboard */,
			);
			name = "Localização";
			path = "Localizaçã0";
			sourceTree = "<group>";
		};
		F232BC13256B326500460ADF /* Cell-Nome Do Medicamento */ = {
			isa = PBXGroup;
			children = (
				F232BC0E256B323900460ADF /* NomeRemediosTableViewCell.swift */,
			);
			path = "Cell-Nome Do Medicamento";
			sourceTree = "<group>";
		};
		F232BC17256B37E700460ADF /* DetalhesMedicamento */ = {
			isa = PBXGroup;
			children = (
				F232BC25256B388A00460ADF /* Cell - Detalhe do Medicamento */,
				F232BC20256B382100460ADF /* DetalhesMedicamentoViewController.storyboard */,
				F2E745D9256C54E80031D731 /* DetalhesMedicamentoViewController.swift */,
			);
			path = DetalhesMedicamento;
			sourceTree = "<group>";
		};
		F232BC25256B388A00460ADF /* Cell - Detalhe do Medicamento */ = {
			isa = PBXGroup;
			children = (
				F232BC29256B391400460ADF /* DetalheMedicamentoTableViewCell.swift */,
			);
			path = "Cell - Detalhe do Medicamento";
			sourceTree = "<group>";
		};
		F232BC2E256B392B00460ADF /* Main  */ = {
			isa = PBXGroup;
			children = (
				F23C32802562F47700F25304 /* ResultadoPesquisaViewController.storyboard */,
				F23C32852562F4A500F25304 /* ResultadoPesquisaViewController.swift */,
			);
			path = "Main ";
			sourceTree = "<group>";
		};
		F233D0972559E99500D5CE2D = {
			isa = PBXGroup;
			children = (
				F233D0A22559E99500D5CE2D /* DrugData */,
				F233D0B92559E99900D5CE2D /* DrugDataTests */,
				F233D0C42559E99900D5CE2D /* DrugDataUITests */,
				F233D0A12559E99500D5CE2D /* Products */,
			);
			sourceTree = "<group>";
		};
		F233D0A12559E99500D5CE2D /* Products */ = {
			isa = PBXGroup;
			children = (
				F233D0A02559E99500D5CE2D /* DrugData.app */,
				F233D0B62559E99900D5CE2D /* DrugDataTests.xctest */,
				F233D0C12559E99900D5CE2D /* DrugDataUITests.xctest */,
			);
			name = Products;
			sourceTree = "<group>";
		};
		F233D0A22559E99500D5CE2D /* DrugData */ = {
			isa = PBXGroup;
			children = (
				F233D0A52559E99500D5CE2D /* SceneDelegate.swift */,
				F233D0AC2559E99900D5CE2D /* Assets.xcassets */,
				F233D0AE2559E99900D5CE2D /* LaunchScreen.storyboard */,
				F233D0A32559E99500D5CE2D /* AppDelegate.swift */,
				F233D0B12559E99900D5CE2D /* Info.plist */,
				F233D0E32559F47100D5CE2D /* Imagens */,
				F233D0D62559E9AA00D5CE2D /* Página Inicial  */,
				F2FF1566255C754D007FAD80 /* Login */,
				F2DF0F62255C926600F43B54 /* Esqueceu a senha */,
				F2E282CE255C8CE800460304 /* Cadastrar */,
				F23C8F0B256ADCF40094FA87 /* Perfil */,
				F2D2D559255E07E10025BEF3 /* Pesquisar */,
				F2D2D567255E0C020025BEF3 /* Categoria */,
				F2D2D575255E0F330025BEF3 /* Favoritos */,
				F232BBF2256B2B4900460ADF /* Localização */,
				F23C32A42562FFC000F25304 /* Extenssões */,
				F232BC03256B30BD00460ADF /* Remedios.swift */,
				F2DBB9742565B5D100A5550E /* Cabecalho.swift */,
				F2ED9EEE256D54BB00D015AF /* profileImage.swift */,
				F2ED9F0B256D69BE00D015AF /* ProfileImageWoman.swift */,
			);
			path = DrugData;
			sourceTree = "<group>";
		};
		F233D0B92559E99900D5CE2D /* DrugDataTests */ = {
			isa = PBXGroup;
			children = (
				F233D0BA2559E99900D5CE2D /* DrugDataTests.swift */,
				F233D0BC2559E99900D5CE2D /* Info.plist */,
			);
			path = DrugDataTests;
			sourceTree = "<group>";
		};
		F233D0C42559E99900D5CE2D /* DrugDataUITests */ = {
			isa = PBXGroup;
			children = (
				F233D0C52559E99900D5CE2D /* DrugDataUITests.swift */,
				F233D0C72559E99900D5CE2D /* Info.plist */,
			);
			path = DrugDataUITests;
			sourceTree = "<group>";
		};
		F233D0D62559E9AA00D5CE2D /* Página Inicial  */ = {
			isa = PBXGroup;
			children = (
				F233D0A92559E99500D5CE2D /* Main.storyboard */,
				F233D0A72559E99500D5CE2D /* ViewController.swift */,
				F233D0DA2559F3A400D5CE2D /* Logo */,
			);
			name = "Página Inicial ";
			path = "Página Inicial ";
			sourceTree = "<group>";
		};
		F233D0DA2559F3A400D5CE2D /* Logo */ = {
			isa = PBXGroup;
			children = (
				F233D0DB2559F3BB00D5CE2D /* File.swift */,
			);
			path = Logo;
			sourceTree = "<group>";
		};
		F233D0E32559F47100D5CE2D /* Imagens */ = {
			isa = PBXGroup;
			children = (
				F2ED9F26256D6D8800D015AF /* Imagem Não Definido  */,
				F2ED9F1F256D6CF400D015AF /* Imagens Homens */,
				F2ED9F20256D6D0200D015AF /* Imagens Mulher */,
				F2E745DE256C578B0031D731 /* remedio.png */,
				F2E745D1256C4B800031D731 /* data.png */,
				F2E745B2256C3E8E0031D731 /* marker.png */,
				F2E7459C256C3A220031D731 /* mapa.png */,
				F233D0E42559F49100D5CE2D /* logo.png */,
			);
			path = Imagens;
			sourceTree = "<group>";
		};
		F23C327F2562F45900F25304 /* ResultadoPesquisa */ = {
			isa = PBXGroup;
			children = (
				F232BC17256B37E700460ADF /* DetalhesMedicamento */,
				F232BC2E256B392B00460ADF /* Main  */,
				F232BC13256B326500460ADF /* Cell-Nome Do Medicamento */,
			);
			path = ResultadoPesquisa;
			sourceTree = "<group>";
		};
		F23C328A2562F59F00F25304 /* Laboratório */ = {
			isa = PBXGroup;
			children = (
				F23C329F2562FCCF00F25304 /* PesquisaLaboratorioViewController.swift */,
				F247408825670FF400D18DE0 /* PesquisaLaboratorioViewController.storyboard */,
				F247408D2567100500D18DE0 /* TableView.Xib */,
			);
			name = "Laboratório";
			path = "Laboratório";
			sourceTree = "<group>";
		};
		F23C32A42562FFC000F25304 /* Extenssões */ = {
			isa = PBXGroup;
			children = (
			);
			name = "Extenssões";
			path = "Extenssões";
			sourceTree = "<group>";
		};
		F23C8ECF256ACF330094FA87 /* Orgânico */ = {
			isa = PBXGroup;
			children = (
				F23C8EDB256ACFD90094FA87 /* OrganicoViewController.storyboard */,
				F23C8EE0256ACFF60094FA87 /* OrganicoViewController.swift */,
			);
			name = "Orgânico";
			path = "Orgânico";
			sourceTree = "<group>";
		};
		F23C8ED1256ACF4F0094FA87 /* Genérico */ = {
			isa = PBXGroup;
			children = (
				F23C8EE8256AD13F0094FA87 /* GenericoViewController.swift */,
				F23C8EED256AD14D0094FA87 /* GenericoViewController.storyboard */,
			);
			name = "Genérico";
			path = "Genérico";
			sourceTree = "<group>";
		};
		F23C8EF3256AD28E0094FA87 /* Controlados */ = {
			isa = PBXGroup;
			children = (
				F23C8EF4256AD2A70094FA87 /* ControladosViewController.storyboard */,
				F23C8EFC256AD2EC0094FA87 /* ControladosViewController.swift */,
			);
			path = Controlados;
			sourceTree = "<group>";
		};
		F23C8F0B256ADCF40094FA87 /* Perfil */ = {
			isa = PBXGroup;
			children = (
				F2E745C1256C44B20031D731 /* Modal - Editar Perfil  */,
				F23C8F0C256ADD180094FA87 /* PerfilViewController.swift */,
				F23C8F14256ADD240094FA87 /* PerfilViewController.storyboard */,
			);
			path = Perfil;
			sourceTree = "<group>";
		};
		F247408D2567100500D18DE0 /* TableView.Xib */ = {
			isa = PBXGroup;
			children = (
				F247408125670F0B00D18DE0 /* ControladosGeralTableViewCell.swift */,
				F247408225670F0B00D18DE0 /* ControladosGeralTableViewCell.xib */,
			);
			path = TableView.Xib;
			sourceTree = "<group>";
		};
		F2D2D559255E07E10025BEF3 /* Pesquisar */ = {
			isa = PBXGroup;
			children = (
				F23C327F2562F45900F25304 /* ResultadoPesquisa */,
				F2D2D55A255E08110025BEF3 /* PesquisarViewController.swift */,
				F2D2D562255E08280025BEF3 /* PesquisarViewController.storyboard */,
			);
			path = Pesquisar;
			sourceTree = "<group>";
		};
		F2D2D567255E0C020025BEF3 /* Categoria */ = {
			isa = PBXGroup;
			children = (
				F23C8EF3256AD28E0094FA87 /* Controlados */,
				F23C8ED1256ACF4F0094FA87 /* Genérico */,
				F23C8ECF256ACF330094FA87 /* Orgânico */,
				F23C328A2562F59F00F25304 /* Laboratório */,
				F2D2D570255E0C420025BEF3 /* CategoriaViewController.storyboard */,
				F2DBB96F2565B1BF00A5550E /* CategoriaViewController.swift */,
			);
			path = Categoria;
			sourceTree = "<group>";
		};
		F2D2D575255E0F330025BEF3 /* Favoritos */ = {
			isa = PBXGroup;
			children = (
				F2D2D576255E0F510025BEF3 /* FavoritosViewController.swift */,
				F2D2D57E255E0F800025BEF3 /* FavoritosViewController.storyboard */,
			);
			path = Favoritos;
			sourceTree = "<group>";
		};
		F2DF0F62255C926600F43B54 /* Esqueceu a senha */ = {
			isa = PBXGroup;
			children = (
				F2DF0F63255C92A500F43B54 /* EsqueceuASenhaViewController.swift */,
				F2DF0F6B255C92B600F43B54 /* EsqueceuASenhaViewController.storyboard */,
			);
			path = "Esqueceu a senha";
			sourceTree = "<group>";
		};
		F2E282CE255C8CE800460304 /* Cadastrar */ = {
			isa = PBXGroup;
			children = (
				F2ED9EDC256D4EC300D015AF /* Avatar */,
				F2E74595256C37E70031D731 /* Cadastro 1 */,
				F2E7458A256C32BD0031D731 /* Cadastrar2 */,
			);
			path = Cadastrar;
			sourceTree = "<group>";
		};
		F2E7458A256C32BD0031D731 /* Cadastrar2 */ = {
			isa = PBXGroup;
			children = (
				F2E7458B256C32EC0031D731 /* Cadastro2ViewController.swift */,
				F2E74590256C32F70031D731 /* Cadastro2ViewController.storyboard */,
			);
			path = Cadastrar2;
			sourceTree = "<group>";
		};
		F2E74595256C37E70031D731 /* Cadastro 1 */ = {
			isa = PBXGroup;
			children = (
				F2E282CF255C8DAB00460304 /* CadastroViewController.swift */,
				F2E282D7255C8DBD00460304 /* CadastroViewController.storyboard */,
			);
			path = "Cadastro 1";
			sourceTree = "<group>";
		};
		F2E745C1256C44B20031D731 /* Modal - Editar Perfil  */ = {
			isa = PBXGroup;
			children = (
				F2E745C2256C44D60031D731 /* EditarPerfilViewController.swift */,
				F2E745C7256C44E60031D731 /* EditarPerfilViewController.storyboard */,
			);
			path = "Modal - Editar Perfil ";
			sourceTree = "<group>";
		};
		F2ED9EDC256D4EC300D015AF /* Avatar */ = {
			isa = PBXGroup;
			children = (
				F2ED9F02256D564400D015AF /* Avatar Cell */,
				F2ED9EDD256D4EDD00D015AF /* AvatarViewController.swift */,
				F2ED9EE6256D4EFB00D015AF /* AvatarViewController.storyboard */,
			);
			path = Avatar;
			sourceTree = "<group>";
		};
		F2ED9F02256D564400D015AF /* Avatar Cell */ = {
			isa = PBXGroup;
			children = (
				F2ED9F03256D566300D015AF /* AvatarCollectionViewCell.swift */,
			);
			path = "Avatar Cell";
			sourceTree = "<group>";
		};
		F2ED9F1F256D6CF400D015AF /* Imagens Homens */ = {
			isa = PBXGroup;
			children = (
				F2ED9F15256D6B1200D015AF /* 009-man.png */,
				F2ED9F14256D6B1100D015AF /* 021-man.png */,
				F2ED9F10256D6B1000D015AF /* 025-man.png */,
				F2ED9F13256D6B1100D015AF /* 035-man.png */,
				F2ED9F12256D6B1100D015AF /* 036-man.png */,
				F2ED9F11256D6B1100D015AF /* 037-man.png */,
			);
			path = "Imagens Homens";
			sourceTree = "<group>";
		};
		F2ED9F20256D6D0200D015AF /* Imagens Mulher */ = {
			isa = PBXGroup;
			children = (
				F2DBB9792565B8AB00A5550E /* 1.png */,
				F2ED9EF3256D55EB00D015AF /* 011-woman.png */,
				F2ED9EF8256D55EC00D015AF /* 012-woman.png */,
				F2ED9EF6256D55EC00D015AF /* 017-woman.png */,
				F2ED9EF5256D55EC00D015AF /* 027-woman.png */,
				F2ED9EF7256D55EC00D015AF /* 029-woman.png */,
				F2ED9EF4256D55EB00D015AF /* 032-woman.png */,
			);
			path = "Imagens Mulher";
			sourceTree = "<group>";
		};
		F2ED9F26256D6D8800D015AF /* Imagem Não Definido  */ = {
			isa = PBXGroup;
			children = (
				F2ED9F21256D6D8300D015AF /* avatar.png */,
			);
			name = "Imagem Não Definido ";
			path = "Imagem Não Definido ";
			sourceTree = "<group>";
		};
		F2FF1566255C754D007FAD80 /* Login */ = {
			isa = PBXGroup;
			children = (
				F2E282BA255C882800460304 /* LoginViewController.swift */,
				F2E282BF255C89BB00460304 /* LoginViewController.storyboard */,
			);
			path = Login;
			sourceTree = "<group>";
		};
/* End PBXGroup section */

/* Begin PBXNativeTarget section */
		F233D09F2559E99500D5CE2D /* DrugData */ = {
			isa = PBXNativeTarget;
			buildConfigurationList = F233D0CA2559E99900D5CE2D /* Build configuration list for PBXNativeTarget "DrugData" */;
			buildPhases = (
				F233D09C2559E99500D5CE2D /* Sources */,
				F233D09D2559E99500D5CE2D /* Frameworks */,
				F233D09E2559E99500D5CE2D /* Resources */,
			);
			buildRules = (
			);
			dependencies = (
			);
			name = DrugData;
			productName = DrugData;
			productReference = F233D0A02559E99500D5CE2D /* DrugData.app */;
			productType = "com.apple.product-type.application";
		};
		F233D0B52559E99900D5CE2D /* DrugDataTests */ = {
			isa = PBXNativeTarget;
			buildConfigurationList = F233D0CD2559E99900D5CE2D /* Build configuration list for PBXNativeTarget "DrugDataTests" */;
			buildPhases = (
				F233D0B22559E99900D5CE2D /* Sources */,
				F233D0B32559E99900D5CE2D /* Frameworks */,
				F233D0B42559E99900D5CE2D /* Resources */,
			);
			buildRules = (
			);
			dependencies = (
				F233D0B82559E99900D5CE2D /* PBXTargetDependency */,
			);
			name = DrugDataTests;
			productName = DrugDataTests;
			productReference = F233D0B62559E99900D5CE2D /* DrugDataTests.xctest */;
			productType = "com.apple.product-type.bundle.unit-test";
		};
		F233D0C02559E99900D5CE2D /* DrugDataUITests */ = {
			isa = PBXNativeTarget;
			buildConfigurationList = F233D0D02559E99900D5CE2D /* Build configuration list for PBXNativeTarget "DrugDataUITests" */;
			buildPhases = (
				F233D0BD2559E99900D5CE2D /* Sources */,
				F233D0BE2559E99900D5CE2D /* Frameworks */,
				F233D0BF2559E99900D5CE2D /* Resources */,
			);
			buildRules = (
			);
			dependencies = (
				F233D0C32559E99900D5CE2D /* PBXTargetDependency */,
			);
			name = DrugDataUITests;
			productName = DrugDataUITests;
			productReference = F233D0C12559E99900D5CE2D /* DrugDataUITests.xctest */;
			productType = "com.apple.product-type.bundle.ui-testing";
		};
/* End PBXNativeTarget section */

/* Begin PBXProject section */
		F233D0982559E99500D5CE2D /* Project object */ = {
			isa = PBXProject;
			attributes = {
				LastSwiftUpdateCheck = 1200;
				LastUpgradeCheck = 1200;
				TargetAttributes = {
					F233D09F2559E99500D5CE2D = {
						CreatedOnToolsVersion = 12.0;
					};
					F233D0B52559E99900D5CE2D = {
						CreatedOnToolsVersion = 12.0;
						TestTargetID = F233D09F2559E99500D5CE2D;
					};
					F233D0C02559E99900D5CE2D = {
						CreatedOnToolsVersion = 12.0;
						TestTargetID = F233D09F2559E99500D5CE2D;
					};
				};
			};
			buildConfigurationList = F233D09B2559E99500D5CE2D /* Build configuration list for PBXProject "DrugData" */;
			compatibilityVersion = "Xcode 9.3";
			developmentRegion = en;
			hasScannedForEncodings = 0;
			knownRegions = (
				en,
				Base,
			);
			mainGroup = F233D0972559E99500D5CE2D;
			productRefGroup = F233D0A12559E99500D5CE2D /* Products */;
			projectDirPath = "";
			projectRoot = "";
			targets = (
				F233D09F2559E99500D5CE2D /* DrugData */,
				F233D0B52559E99900D5CE2D /* DrugDataTests */,
				F233D0C02559E99900D5CE2D /* DrugDataUITests */,
			);
		};
/* End PBXProject section */

/* Begin PBXResourcesBuildPhase section */
		F233D09E2559E99500D5CE2D /* Resources */ = {
			isa = PBXResourcesBuildPhase;
			buildActionMask = 2147483647;
			files = (
				F23C32812562F47700F25304 /* ResultadoPesquisaViewController.storyboard in Resources */,
				F23C8EF5256AD2A70094FA87 /* ControladosViewController.storyboard in Resources */,
				F2E282D8255C8DBD00460304 /* CadastroViewController.storyboard in Resources */,
				F23C8EEE256AD14D0094FA87 /* GenericoViewController.storyboard in Resources */,
				F2ED9EFC256D55EC00D015AF /* 017-woman.png in Resources */,
				F2E7459D256C3A220031D731 /* mapa.png in Resources */,
				F2ED9EFE256D55EC00D015AF /* 012-woman.png in Resources */,
				F2D2D57F255E0F800025BEF3 /* FavoritosViewController.storyboard in Resources */,
				F2ED9EFB256D55EC00D015AF /* 027-woman.png in Resources */,
				F2DF0F6C255C92B600F43B54 /* EsqueceuASenhaViewController.storyboard in Resources */,
				F2ED9EE7256D4EFB00D015AF /* AvatarViewController.storyboard in Resources */,
				F2ED9EFD256D55EC00D015AF /* 029-woman.png in Resources */,
				F2E745DF256C578C0031D731 /* remedio.png in Resources */,
				F233D0E52559F49100D5CE2D /* logo.png in Resources */,
				F233D0B02559E99900D5CE2D /* LaunchScreen.storyboard in Resources */,
				F2ED9EFA256D55EC00D015AF /* 032-woman.png in Resources */,
				F247408425670F0B00D18DE0 /* ControladosGeralTableViewCell.xib in Resources */,
				F2D2D571255E0C420025BEF3 /* CategoriaViewController.storyboard in Resources */,
				F2E745D2256C4B800031D731 /* data.png in Resources */,
				F2DBB97A2565B8AB00A5550E /* 1.png in Resources */,
				F2ED9F19256D6B1200D015AF /* 035-man.png in Resources */,
				F232BC21256B382100460ADF /* DetalhesMedicamentoViewController.storyboard in Resources */,
				F2D2D563255E08280025BEF3 /* PesquisarViewController.storyboard in Resources */,
				F2E745C8256C44E60031D731 /* EditarPerfilViewController.storyboard in Resources */,
				F247408925670FF400D18DE0 /* PesquisaLaboratorioViewController.storyboard in Resources */,
				F2ED9F18256D6B1200D015AF /* 036-man.png in Resources */,
				F2E74591256C32F80031D731 /* Cadastro2ViewController.storyboard in Resources */,
				F2ED9F17256D6B1200D015AF /* 037-man.png in Resources */,
				F233D0AD2559E99900D5CE2D /* Assets.xcassets in Resources */,
				F2ED9F1B256D6B1200D015AF /* 009-man.png in Resources */,
				F2ED9EF9256D55EC00D015AF /* 011-woman.png in Resources */,
				F2E282C0255C89BB00460304 /* LoginViewController.storyboard in Resources */,
				F232BBFC256B2B7900460ADF /* LocalizacaoViewController.storyboard in Resources */,
				F23C8EDC256ACFD90094FA87 /* OrganicoViewController.storyboard in Resources */,
				F23C8F15256ADD240094FA87 /* PerfilViewController.storyboard in Resources */,
				F2ED9F1A256D6B1200D015AF /* 021-man.png in Resources */,
				F2ED9F22256D6D8300D015AF /* avatar.png in Resources */,
				F233D0AB2559E99500D5CE2D /* Main.storyboard in Resources */,
				F2ED9F16256D6B1200D015AF /* 025-man.png in Resources */,
				F2E745B3256C3E8E0031D731 /* marker.png in Resources */,
			);
			runOnlyForDeploymentPostprocessing = 0;
		};
		F233D0B42559E99900D5CE2D /* Resources */ = {
			isa = PBXResourcesBuildPhase;
			buildActionMask = 2147483647;
			files = (
			);
			runOnlyForDeploymentPostprocessing = 0;
		};
		F233D0BF2559E99900D5CE2D /* Resources */ = {
			isa = PBXResourcesBuildPhase;
			buildActionMask = 2147483647;
			files = (
			);
			runOnlyForDeploymentPostprocessing = 0;
		};
/* End PBXResourcesBuildPhase section */

/* Begin PBXSourcesBuildPhase section */
		F233D09C2559E99500D5CE2D /* Sources */ = {
			isa = PBXSourcesBuildPhase;
			buildActionMask = 2147483647;
			files = (
				F23C32A02562FCCF00F25304 /* PesquisaLaboratorioViewController.swift in Sources */,
				F23C32862562F4A500F25304 /* ResultadoPesquisaViewController.swift in Sources */,
				F233D0A82559E99500D5CE2D /* ViewController.swift in Sources */,
				F232BC2A256B391400460ADF /* DetalheMedicamentoTableViewCell.swift in Sources */,
				F2E282D0255C8DAB00460304 /* CadastroViewController.swift in Sources */,
				F247408325670F0B00D18DE0 /* ControladosGeralTableViewCell.swift in Sources */,
				F2E7458C256C32EC0031D731 /* Cadastro2ViewController.swift in Sources */,
				F2DBB9752565B5D100A5550E /* Cabecalho.swift in Sources */,
				F2DBB9702565B1BF00A5550E /* CategoriaViewController.swift in Sources */,
				F2E745C3256C44D60031D731 /* EditarPerfilViewController.swift in Sources */,
				F2ED9EEF256D54BB00D015AF /* profileImage.swift in Sources */,
				F23C8EE1256ACFF60094FA87 /* OrganicoViewController.swift in Sources */,
				F2DF0F64255C92A500F43B54 /* EsqueceuASenhaViewController.swift in Sources */,
				F23C8EE9256AD13F0094FA87 /* GenericoViewController.swift in Sources */,
				F232BC04256B30BD00460ADF /* Remedios.swift in Sources */,
				F233D0DC2559F3BB00D5CE2D /* File.swift in Sources */,
				F23C8F0D256ADD180094FA87 /* PerfilViewController.swift in Sources */,
				F2D2D577255E0F510025BEF3 /* FavoritosViewController.swift in Sources */,
				F2E745DA256C54E80031D731 /* DetalhesMedicamentoViewController.swift in Sources */,
				F2ED9F04256D566300D015AF /* AvatarCollectionViewCell.swift in Sources */,
				F2ED9F0C256D69BE00D015AF /* ProfileImageWoman.swift in Sources */,
				F233D0A42559E99500D5CE2D /* AppDelegate.swift in Sources */,
				F2E282BB255C882800460304 /* LoginViewController.swift in Sources */,
				F233D0A62559E99500D5CE2D /* SceneDelegate.swift in Sources */,
				F2ED9EDE256D4EDD00D015AF /* AvatarViewController.swift in Sources */,
				F2D2D55B255E08110025BEF3 /* PesquisarViewController.swift in Sources */,
				F232BC0F256B323900460ADF /* NomeRemediosTableViewCell.swift in Sources */,
				F23C8EFD256AD2EC0094FA87 /* ControladosViewController.swift in Sources */,
				F232BBF4256B2B6B00460ADF /* LocalizacaoViewController.swift in Sources */,
			);
			runOnlyForDeploymentPostprocessing = 0;
		};
		F233D0B22559E99900D5CE2D /* Sources */ = {
			isa = PBXSourcesBuildPhase;
			buildActionMask = 2147483647;
			files = (
				F233D0BB2559E99900D5CE2D /* DrugDataTests.swift in Sources */,
			);
			runOnlyForDeploymentPostprocessing = 0;
		};
		F233D0BD2559E99900D5CE2D /* Sources */ = {
			isa = PBXSourcesBuildPhase;
			buildActionMask = 2147483647;
			files = (
				F233D0C62559E99900D5CE2D /* DrugDataUITests.swift in Sources */,
			);
			runOnlyForDeploymentPostprocessing = 0;
		};
/* End PBXSourcesBuildPhase section */

/* Begin PBXTargetDependency section */
		F233D0B82559E99900D5CE2D /* PBXTargetDependency */ = {
			isa = PBXTargetDependency;
			target = F233D09F2559E99500D5CE2D /* DrugData */;
			targetProxy = F233D0B72559E99900D5CE2D /* PBXContainerItemProxy */;
		};
		F233D0C32559E99900D5CE2D /* PBXTargetDependency */ = {
			isa = PBXTargetDependency;
			target = F233D09F2559E99500D5CE2D /* DrugData */;
			targetProxy = F233D0C22559E99900D5CE2D /* PBXContainerItemProxy */;
		};
/* End PBXTargetDependency section */

/* Begin PBXVariantGroup section */
		F233D0A92559E99500D5CE2D /* Main.storyboard */ = {
			isa = PBXVariantGroup;
			children = (
				F233D0AA2559E99500D5CE2D /* Base */,
			);
			name = Main.storyboard;
			sourceTree = "<group>";
		};
		F233D0AE2559E99900D5CE2D /* LaunchScreen.storyboard */ = {
			isa = PBXVariantGroup;
			children = (
				F233D0AF2559E99900D5CE2D /* Base */,
			);
			name = LaunchScreen.storyboard;
			sourceTree = "<group>";
		};
/* End PBXVariantGroup section */

/* Begin XCBuildConfiguration section */
		F233D0C82559E99900D5CE2D /* Debug */ = {
			isa = XCBuildConfiguration;
			buildSettings = {
				ALWAYS_SEARCH_USER_PATHS = NO;
				CLANG_ANALYZER_NONNULL = YES;
				CLANG_ANALYZER_NUMBER_OBJECT_CONVERSION = YES_AGGRESSIVE;
				CLANG_CXX_LANGUAGE_STANDARD = "gnu++14";
				CLANG_CXX_LIBRARY = "libc++";
				CLANG_ENABLE_MODULES = YES;
				CLANG_ENABLE_OBJC_ARC = YES;
				CLANG_ENABLE_OBJC_WEAK = YES;
				CLANG_WARN_BLOCK_CAPTURE_AUTORELEASING = YES;
				CLANG_WARN_BOOL_CONVERSION = YES;
				CLANG_WARN_COMMA = YES;
				CLANG_WARN_CONSTANT_CONVERSION = YES;
				CLANG_WARN_DEPRECATED_OBJC_IMPLEMENTATIONS = YES;
				CLANG_WARN_DIRECT_OBJC_ISA_USAGE = YES_ERROR;
				CLANG_WARN_DOCUMENTATION_COMMENTS = YES;
				CLANG_WARN_EMPTY_BODY = YES;
				CLANG_WARN_ENUM_CONVERSION = YES;
				CLANG_WARN_INFINITE_RECURSION = YES;
				CLANG_WARN_INT_CONVERSION = YES;
				CLANG_WARN_NON_LITERAL_NULL_CONVERSION = YES;
				CLANG_WARN_OBJC_IMPLICIT_RETAIN_SELF = YES;
				CLANG_WARN_OBJC_LITERAL_CONVERSION = YES;
				CLANG_WARN_OBJC_ROOT_CLASS = YES_ERROR;
				CLANG_WARN_QUOTED_INCLUDE_IN_FRAMEWORK_HEADER = YES;
				CLANG_WARN_RANGE_LOOP_ANALYSIS = YES;
				CLANG_WARN_STRICT_PROTOTYPES = YES;
				CLANG_WARN_SUSPICIOUS_MOVE = YES;
				CLANG_WARN_UNGUARDED_AVAILABILITY = YES_AGGRESSIVE;
				CLANG_WARN_UNREACHABLE_CODE = YES;
				CLANG_WARN__DUPLICATE_METHOD_MATCH = YES;
				COPY_PHASE_STRIP = NO;
				DEBUG_INFORMATION_FORMAT = dwarf;
				ENABLE_STRICT_OBJC_MSGSEND = YES;
				ENABLE_TESTABILITY = YES;
				GCC_C_LANGUAGE_STANDARD = gnu11;
				GCC_DYNAMIC_NO_PIC = NO;
				GCC_NO_COMMON_BLOCKS = YES;
				GCC_OPTIMIZATION_LEVEL = 0;
				GCC_PREPROCESSOR_DEFINITIONS = (
					"DEBUG=1",
					"$(inherited)",
				);
				GCC_WARN_64_TO_32_BIT_CONVERSION = YES;
				GCC_WARN_ABOUT_RETURN_TYPE = YES_ERROR;
				GCC_WARN_UNDECLARED_SELECTOR = YES;
				GCC_WARN_UNINITIALIZED_AUTOS = YES_AGGRESSIVE;
				GCC_WARN_UNUSED_FUNCTION = YES;
				GCC_WARN_UNUSED_VARIABLE = YES;
				IPHONEOS_DEPLOYMENT_TARGET = 14.0;
				MTL_ENABLE_DEBUG_INFO = INCLUDE_SOURCE;
				MTL_FAST_MATH = YES;
				ONLY_ACTIVE_ARCH = YES;
				SDKROOT = iphoneos;
				SWIFT_ACTIVE_COMPILATION_CONDITIONS = DEBUG;
				SWIFT_OPTIMIZATION_LEVEL = "-Onone";
			};
			name = Debug;
		};
		F233D0C92559E99900D5CE2D /* Release */ = {
			isa = XCBuildConfiguration;
			buildSettings = {
				ALWAYS_SEARCH_USER_PATHS = NO;
				CLANG_ANALYZER_NONNULL = YES;
				CLANG_ANALYZER_NUMBER_OBJECT_CONVERSION = YES_AGGRESSIVE;
				CLANG_CXX_LANGUAGE_STANDARD = "gnu++14";
				CLANG_CXX_LIBRARY = "libc++";
				CLANG_ENABLE_MODULES = YES;
				CLANG_ENABLE_OBJC_ARC = YES;
				CLANG_ENABLE_OBJC_WEAK = YES;
				CLANG_WARN_BLOCK_CAPTURE_AUTORELEASING = YES;
				CLANG_WARN_BOOL_CONVERSION = YES;
				CLANG_WARN_COMMA = YES;
				CLANG_WARN_CONSTANT_CONVERSION = YES;
				CLANG_WARN_DEPRECATED_OBJC_IMPLEMENTATIONS = YES;
				CLANG_WARN_DIRECT_OBJC_ISA_USAGE = YES_ERROR;
				CLANG_WARN_DOCUMENTATION_COMMENTS = YES;
				CLANG_WARN_EMPTY_BODY = YES;
				CLANG_WARN_ENUM_CONVERSION = YES;
				CLANG_WARN_INFINITE_RECURSION = YES;
				CLANG_WARN_INT_CONVERSION = YES;
				CLANG_WARN_NON_LITERAL_NULL_CONVERSION = YES;
				CLANG_WARN_OBJC_IMPLICIT_RETAIN_SELF = YES;
				CLANG_WARN_OBJC_LITERAL_CONVERSION = YES;
				CLANG_WARN_OBJC_ROOT_CLASS = YES_ERROR;
				CLANG_WARN_QUOTED_INCLUDE_IN_FRAMEWORK_HEADER = YES;
				CLANG_WARN_RANGE_LOOP_ANALYSIS = YES;
				CLANG_WARN_STRICT_PROTOTYPES = YES;
				CLANG_WARN_SUSPICIOUS_MOVE = YES;
				CLANG_WARN_UNGUARDED_AVAILABILITY = YES_AGGRESSIVE;
				CLANG_WARN_UNREACHABLE_CODE = YES;
				CLANG_WARN__DUPLICATE_METHOD_MATCH = YES;
				COPY_PHASE_STRIP = NO;
				DEBUG_INFORMATION_FORMAT = "dwarf-with-dsym";
				ENABLE_NS_ASSERTIONS = NO;
				ENABLE_STRICT_OBJC_MSGSEND = YES;
				GCC_C_LANGUAGE_STANDARD = gnu11;
				GCC_NO_COMMON_BLOCKS = YES;
				GCC_WARN_64_TO_32_BIT_CONVERSION = YES;
				GCC_WARN_ABOUT_RETURN_TYPE = YES_ERROR;
				GCC_WARN_UNDECLARED_SELECTOR = YES;
				GCC_WARN_UNINITIALIZED_AUTOS = YES_AGGRESSIVE;
				GCC_WARN_UNUSED_FUNCTION = YES;
				GCC_WARN_UNUSED_VARIABLE = YES;
				IPHONEOS_DEPLOYMENT_TARGET = 14.0;
				MTL_ENABLE_DEBUG_INFO = NO;
				MTL_FAST_MATH = YES;
				SDKROOT = iphoneos;
				SWIFT_COMPILATION_MODE = wholemodule;
				SWIFT_OPTIMIZATION_LEVEL = "-O";
				VALIDATE_PRODUCT = YES;
			};
			name = Release;
		};
		F233D0CB2559E99900D5CE2D /* Debug */ = {
			isa = XCBuildConfiguration;
			buildSettings = {
				ASSETCATALOG_COMPILER_APPICON_NAME = AppIcon;
				ASSETCATALOG_COMPILER_GLOBAL_ACCENT_COLOR_NAME = AccentColor;
				CODE_SIGN_STYLE = Automatic;
				INFOPLIST_FILE = DrugData/Info.plist;
				LD_RUNPATH_SEARCH_PATHS = (
					"$(inherited)",
					"@executable_path/Frameworks",
				);
				PRODUCT_BUNDLE_IDENTIFIER = "br.com.github-bertiGrazi.DrugData";
				PRODUCT_NAME = "$(TARGET_NAME)";
				SWIFT_VERSION = 5.0;
				TARGETED_DEVICE_FAMILY = "1,2";
			};
			name = Debug;
		};
		F233D0CC2559E99900D5CE2D /* Release */ = {
			isa = XCBuildConfiguration;
			buildSettings = {
				ASSETCATALOG_COMPILER_APPICON_NAME = AppIcon;
				ASSETCATALOG_COMPILER_GLOBAL_ACCENT_COLOR_NAME = AccentColor;
				CODE_SIGN_STYLE = Automatic;
				INFOPLIST_FILE = DrugData/Info.plist;
				LD_RUNPATH_SEARCH_PATHS = (
					"$(inherited)",
					"@executable_path/Frameworks",
				);
				PRODUCT_BUNDLE_IDENTIFIER = "br.com.github-bertiGrazi.DrugData";
				PRODUCT_NAME = "$(TARGET_NAME)";
				SWIFT_VERSION = 5.0;
				TARGETED_DEVICE_FAMILY = "1,2";
			};
			name = Release;
		};
		F233D0CE2559E99900D5CE2D /* Debug */ = {
			isa = XCBuildConfiguration;
			buildSettings = {
				ALWAYS_EMBED_SWIFT_STANDARD_LIBRARIES = YES;
				BUNDLE_LOADER = "$(TEST_HOST)";
				CODE_SIGN_STYLE = Automatic;
				INFOPLIST_FILE = DrugDataTests/Info.plist;
				IPHONEOS_DEPLOYMENT_TARGET = 14.0;
				LD_RUNPATH_SEARCH_PATHS = (
					"$(inherited)",
					"@executable_path/Frameworks",
					"@loader_path/Frameworks",
				);
				PRODUCT_BUNDLE_IDENTIFIER = "br.com.github-bertiGrazi.DrugDataTests";
				PRODUCT_NAME = "$(TARGET_NAME)";
				SWIFT_VERSION = 5.0;
				TARGETED_DEVICE_FAMILY = "1,2";
				TEST_HOST = "$(BUILT_PRODUCTS_DIR)/DrugData.app/DrugData";
			};
			name = Debug;
		};
		F233D0CF2559E99900D5CE2D /* Release */ = {
			isa = XCBuildConfiguration;
			buildSettings = {
				ALWAYS_EMBED_SWIFT_STANDARD_LIBRARIES = YES;
				BUNDLE_LOADER = "$(TEST_HOST)";
				CODE_SIGN_STYLE = Automatic;
				INFOPLIST_FILE = DrugDataTests/Info.plist;
				IPHONEOS_DEPLOYMENT_TARGET = 14.0;
				LD_RUNPATH_SEARCH_PATHS = (
					"$(inherited)",
					"@executable_path/Frameworks",
					"@loader_path/Frameworks",
				);
				PRODUCT_BUNDLE_IDENTIFIER = "br.com.github-bertiGrazi.DrugDataTests";
				PRODUCT_NAME = "$(TARGET_NAME)";
				SWIFT_VERSION = 5.0;
				TARGETED_DEVICE_FAMILY = "1,2";
				TEST_HOST = "$(BUILT_PRODUCTS_DIR)/DrugData.app/DrugData";
			};
			name = Release;
		};
		F233D0D12559E99900D5CE2D /* Debug */ = {
			isa = XCBuildConfiguration;
			buildSettings = {
				ALWAYS_EMBED_SWIFT_STANDARD_LIBRARIES = YES;
				CODE_SIGN_STYLE = Automatic;
				INFOPLIST_FILE = DrugDataUITests/Info.plist;
				LD_RUNPATH_SEARCH_PATHS = (
					"$(inherited)",
					"@executable_path/Frameworks",
					"@loader_path/Frameworks",
				);
				PRODUCT_BUNDLE_IDENTIFIER = "br.com.github-bertiGrazi.DrugDataUITests";
				PRODUCT_NAME = "$(TARGET_NAME)";
				SWIFT_VERSION = 5.0;
				TARGETED_DEVICE_FAMILY = "1,2";
				TEST_TARGET_NAME = DrugData;
			};
			name = Debug;
		};
		F233D0D22559E99900D5CE2D /* Release */ = {
			isa = XCBuildConfiguration;
			buildSettings = {
				ALWAYS_EMBED_SWIFT_STANDARD_LIBRARIES = YES;
				CODE_SIGN_STYLE = Automatic;
				INFOPLIST_FILE = DrugDataUITests/Info.plist;
				LD_RUNPATH_SEARCH_PATHS = (
					"$(inherited)",
					"@executable_path/Frameworks",
					"@loader_path/Frameworks",
				);
				PRODUCT_BUNDLE_IDENTIFIER = "br.com.github-bertiGrazi.DrugDataUITests";
				PRODUCT_NAME = "$(TARGET_NAME)";
				SWIFT_VERSION = 5.0;
				TARGETED_DEVICE_FAMILY = "1,2";
				TEST_TARGET_NAME = DrugData;
			};
			name = Release;
		};
/* End XCBuildConfiguration section */

/* Begin XCConfigurationList section */
		F233D09B2559E99500D5CE2D /* Build configuration list for PBXProject "DrugData" */ = {
			isa = XCConfigurationList;
			buildConfigurations = (
				F233D0C82559E99900D5CE2D /* Debug */,
				F233D0C92559E99900D5CE2D /* Release */,
			);
			defaultConfigurationIsVisible = 0;
			defaultConfigurationName = Release;
		};
		F233D0CA2559E99900D5CE2D /* Build configuration list for PBXNativeTarget "DrugData" */ = {
			isa = XCConfigurationList;
			buildConfigurations = (
				F233D0CB2559E99900D5CE2D /* Debug */,
				F233D0CC2559E99900D5CE2D /* Release */,
			);
			defaultConfigurationIsVisible = 0;
			defaultConfigurationName = Release;
		};
		F233D0CD2559E99900D5CE2D /* Build configuration list for PBXNativeTarget "DrugDataTests" */ = {
			isa = XCConfigurationList;
			buildConfigurations = (
				F233D0CE2559E99900D5CE2D /* Debug */,
				F233D0CF2559E99900D5CE2D /* Release */,
			);
			defaultConfigurationIsVisible = 0;
			defaultConfigurationName = Release;
		};
		F233D0D02559E99900D5CE2D /* Build configuration list for PBXNativeTarget "DrugDataUITests" */ = {
			isa = XCConfigurationList;
			buildConfigurations = (
				F233D0D12559E99900D5CE2D /* Debug */,
				F233D0D22559E99900D5CE2D /* Release */,
			);
			defaultConfigurationIsVisible = 0;
			defaultConfigurationName = Release;
		};
/* End XCConfigurationList section */
	};
	rootObject = F233D0982559E99500D5CE2D /* Project object */;
}
